
Microsoft Visual Studio Solution File, Format Version 12.00
# Visual Studio Version 17
VisualStudioVersion = 17.10.34916.146
MinimumVisualStudioVersion = 10.0.40219.1
Project("{FAE04EC0-301F-11D3-BF4B-00C04F79EFBC}") = "TESTPCS1", "TESTPCS1\TESTPCS1.csproj", "{98A5E5D4-976A-47F8-8CE9-7164AD3A725A}"
EndProject
Global
	GlobalSection(SolutionConfigurationPlatforms) = preSolution
		Debug|Any CPU = Debug|Any CPU
		Release|Any CPU = Release|Any CPU
	EndGlobalSection
	GlobalSection(ProjectConfigurationPlatforms) = postSolution
		{98A5E5D4-976A-47F8-8CE9-7164AD3A725A}.Debug|Any CPU.ActiveCfg = Debug|Any CPU
		{98A5E5D4-976A-47F8-8CE9-7164AD3A725A}.Debug|Any CPU.Build.0 = Debug|Any CPU
		{98A5E5D4-976A-47F8-8CE9-7164AD3A725A}.Release|Any CPU.ActiveCfg = Release|Any CPU
		{98A5E5D4-976A-47F8-8CE9-7164AD3A725A}.Release|Any CPU.Build.0 = Release|Any CPU
	EndGlobalSection
	GlobalSection(SolutionProperties) = preSolution
		HideSolutionNode = FALSE
	EndGlobalSection
	GlobalSection(ExtensibilityGlobals) = postSolution
		SolutionGuid = {F6432680-5FCE-4653-A3C3-4DB983D91262}
	EndGlobalSection
EndGlobal
