
Microsoft Visual Studio Solution File, Format Version 12.00
# Visual Studio Version 17
VisualStudioVersion = 17.8.34330.188
MinimumVisualStudioVersion = 10.0.40219.1
Project("{FAE04EC0-301F-11D3-BF4B-00C04F79EFBC}") = "BusinessObjects", "BusinessObjects\BusinessObjects.csproj", "{FFEFFF80-B45E-4128-A88E-336C9CDFB203}"
EndProject
Project("{FAE04EC0-301F-11D3-BF4B-00C04F79EFBC}") = "DataAccess", "DataAccess\DataAccess.csproj", "{2F6F062A-8D61-44CC-BA41-84204C137A0F}"
EndProject
Project("{FAE04EC0-301F-11D3-BF4B-00C04F79EFBC}") = "Repositories", "Repositories\Repositories.csproj", "{BF0E93A6-03E8-4836-AC76-398B643EB807}"
EndProject
Project("{FAE04EC0-301F-11D3-BF4B-00C04F79EFBC}") = "ProductManagementAPI", "ProductManagementAPI\ProductManagementAPI.csproj", "{0D4FB753-38FF-4521-80C0-7D8CC40E2598}"
EndProject
Project("{FAE04EC0-301F-11D3-BF4B-00C04F79EFBC}") = "ProductManagementWebClient", "ProductManagementWebClient\ProductManagementWebClient.csproj", "{99E68352-5B5F-4916-8870-173C66717CA6}"
EndProject
Global
	GlobalSection(SolutionConfigurationPlatforms) = preSolution
		Debug|Any CPU = Debug|Any CPU
		Release|Any CPU = Release|Any CPU
	EndGlobalSection
	GlobalSection(ProjectConfigurationPlatforms) = postSolution
		{FFEFFF80-B45E-4128-A88E-336C9CDFB203}.Debug|Any CPU.ActiveCfg = Debug|Any CPU
		{FFEFFF80-B45E-4128-A88E-336C9CDFB203}.Debug|Any CPU.Build.0 = Debug|Any CPU
		{FFEFFF80-B45E-4128-A88E-336C9CDFB203}.Release|Any CPU.ActiveCfg = Release|Any CPU
		{FFEFFF80-B45E-4128-A88E-336C9CDFB203}.Release|Any CPU.Build.0 = Release|Any CPU
		{2F6F062A-8D61-44CC-BA41-84204C137A0F}.Debug|Any CPU.ActiveCfg = Debug|Any CPU
		{2F6F062A-8D61-44CC-BA41-84204C137A0F}.Debug|Any CPU.Build.0 = Debug|Any CPU
		{2F6F062A-8D61-44CC-BA41-84204C137A0F}.Release|Any CPU.ActiveCfg = Release|Any CPU
		{2F6F062A-8D61-44CC-BA41-84204C137A0F}.Release|Any CPU.Build.0 = Release|Any CPU
		{BF0E93A6-03E8-4836-AC76-398B643EB807}.Debug|Any CPU.ActiveCfg = Debug|Any CPU
		{BF0E93A6-03E8-4836-AC76-398B643EB807}.Debug|Any CPU.Build.0 = Debug|Any CPU
		{BF0E93A6-03E8-4836-AC76-398B643EB807}.Release|Any CPU.ActiveCfg = Release|Any CPU
		{BF0E93A6-03E8-4836-AC76-398B643EB807}.Release|Any CPU.Build.0 = Release|Any CPU
		{0D4FB753-38FF-4521-80C0-7D8CC40E2598}.Debug|Any CPU.ActiveCfg = Debug|Any CPU
		{0D4FB753-38FF-4521-80C0-7D8CC40E2598}.Debug|Any CPU.Build.0 = Debug|Any CPU
		{0D4FB753-38FF-4521-80C0-7D8CC40E2598}.Release|Any CPU.ActiveCfg = Release|Any CPU
		{0D4FB753-38FF-4521-80C0-7D8CC40E2598}.Release|Any CPU.Build.0 = Release|Any CPU
		{99E68352-5B5F-4916-8870-173C66717CA6}.Debug|Any CPU.ActiveCfg = Debug|Any CPU
		{99E68352-5B5F-4916-8870-173C66717CA6}.Debug|Any CPU.Build.0 = Debug|Any CPU
		{99E68352-5B5F-4916-8870-173C66717CA6}.Release|Any CPU.ActiveCfg = Release|Any CPU
		{99E68352-5B5F-4916-8870-173C66717CA6}.Release|Any CPU.Build.0 = Release|Any CPU
	EndGlobalSection
	GlobalSection(SolutionProperties) = preSolution
		HideSolutionNode = FALSE
	EndGlobalSection
	GlobalSection(ExtensibilityGlobals) = postSolution
		SolutionGuid = {228FCD1F-0FC6-403F-B1E7-16F16DDFC409}
	EndGlobalSection
EndGlobal
